{
  "name": "webrankreports2",
  "lockfileVersion": 3,
  "requires": true,
  "packages": {
    "": {
      "dependencies": {
        "@netlify/functions": "^5.1.0"
      }
    },
    "node_modules/@netlify/functions": {
      "version": "5.1.0",
      "resolved": "https://registry.npmjs.org/@netlify/functions/-/functions-5.1.0.tgz",
      "integrity": "sha512-LZtiQtf/QzPHIeNDZuIBxx04kmU7lCipWqZ26ejX7mYSB3yj2wvpZfF49kD8B8FoKTydSvgFmBpIcCO5FvpEXA==",
      "license": "MIT",
      "dependencies": {
        "@netlify/types": "2.2.0"
      },
      "engines": {
        "node": ">=18.0.0"
      }
    },
    "node_modules/@netlify/types": {
      "version": "2.2.0",
      "resolved": "https://registry.npmjs.org/@netlify/types/-/types-2.2.0.tgz",
      "integrity": "sha512-XOWlZ2wPpdRKkAOcQbjIf/Qz7L4RjcSVINVNQ9p3F6U8V6KSEOsB3fPrc6Ly8EOeJioHUepRPuzHzJE/7V5EsA==",
      "license": "MIT",
      "engines": {
        "node": "^18.14.0 || >=20"
      }
    }
  }
}
